lockfileVersion: '9.0'

settings:
  autoInstallPeers: true
  excludeLinksFromLockfile: false

importers:

  .:
    devDependencies:
      '@deepseek-ai/cordis':
        specifier: 4.0.2
        version: 4.0.2(@deepseek-ai/cordis-plugin-loader@1.0.3)
      '@deepseek-ai/cordis-plugin-loader':
        specifier: 1.0.3
        version: 1.0.3(@deepseek-ai/cordis@4.0.2)
      '@deepseek-ai/dsh-cmdline':
        specifier: 0.1.6-alpha.2
        version: 0.1.6-alpha.2(@deepseek-ai/cordis-plugin-loader@1.0.3)(@deepseek-ai/cordis@4.0.2)
      '@deepseek-ai/dsh-invariants':
        specifier: 0.1.6-alpha.2
        version: 0.1.6-alpha.2(@deepseek-ai/cordis@4.0.2)
      '@deepseek-ai/dsh-session':
        specifier: 0.1.6-alpha.2
        version: 0.1.6-alpha.2(@deepseek-ai/cordis@4.0.2)(@deepseek-ai/dsh-scope@0.1.6-alpha.2(@deepseek-ai/cordis@4.0.2)(@deepseek-ai/dsh-invariants@0.1.6-alpha.2(@deepseek-ai/cordis@4.0.2)))
      '@types/node':
        specifier: ^22.10.0
        version: 22.20.3
      typescript:
        specifier: ^6.0.3
        version: 6.0.3

packages:

  '@deepseek-ai/cordis-plugin-loader@1.0.3':
    resolution: {integrity: sha512-YNcHiH7TRFrgnRbQU7qdS1spABUFFHg04QpB9DdboPEjgKLTFfeEAvr6Y7qll3/nGgqywDQdk1tYshqKO0p1WQ==}
    peerDependencies:
      '@deepseek-ai/cordis': ^4.0.2
      node-addon-require-builtin: ^0.1.4
    peerDependenciesMeta:
      node-addon-require-builtin:
        optional: true

  '@deepseek-ai/cordis@4.0.2':
    resolution: {integrity: sha512-asOnXP1TzFSFQlHb1iegDZp0z/8WD1c7YNrwJR/Tx2bzNuMXfcekE/I67Iv6SQXeLB4csxqCngzQKANP7gdw0g==}
    hasBin: true
    peerDependencies:
      '@deepseek-ai/cordis-plugin-include': ^1.0.7
      '@deepseek-ai/cordis-plugin-loader': ^1.0.3
    peerDependenciesMeta:
      '@deepseek-ai/cordis-plugin-include':
        optional: true
      '@deepseek-ai/cordis-plugin-loader':
        optional: true

  '@deepseek-ai/cosmokit@1.8.3':
    resolution: {integrity: sha512-qBo+ronVM6Eu2WNVJXi8JcMiqZ19T9BRIpV+5qJUFPXjGH/Z0QKcQMC/IZJ7L394YTOtJgcovbk9qP0w2GsBXQ==}

  '@deepseek-ai/dsh-brand@0.1.6-alpha.2':
    resolution: {integrity: sha512-Fx+GKwkTjTVf6drn888j7vF5ak0/6mxHDF1bYH4FBsRI+h/8UmPAgIV5fAfT63GqBSXdgmVe/hdzdmXS2nq6Eg==}
    peerDependencies:
      '@deepseek-ai/cordis': ^4.0.2

  '@deepseek-ai/dsh-cmdline@0.1.6-alpha.2':
    resolution: {integrity: sha512-ovm0trBqB9hzqxJNYolmap7H9Dh/fqwOo7oj8z25rpJTQx9piCiuUu9r9iPYoRb9dKRKgPRVPgrYRQMfbyMLig==}
    peerDependencies:
      '@deepseek-ai/cordis': ^4.0.2
      '@deepseek-ai/cordis-plugin-loader': ^1.0.3

  '@deepseek-ai/dsh-invariants@0.1.6-alpha.2':
    resolution: {integrity: sha512-YS4DysoPqwFx02istRp2FHN8XmJPRoPDc+pu56b/UtHovqIFzcX4QepQ4yRESDQ4SOO44KZBg72RxXma/9ziVw==}
    peerDependencies:
      '@deepseek-ai/cordis': ^4.0.2

  '@deepseek-ai/dsh-llm@0.1.6-alpha.2':
    resolution: {integrity: sha512-kIQoqnD6jN3Z2qQ+gd0TrIwkEDfUZAPC3kkTUUv2yQm1GeDjB7JULwT1vGAKTbEqOhOpVfKhdp4wItpG5PclfA==}
    peerDependencies:
      '@deepseek-ai/cordis': ^4.0.2

  '@deepseek-ai/dsh-scope@0.1.6-alpha.2':
    resolution: {integrity: sha512-nbh9kxekeiZPYVG2Up3ufJsDZRHrXaBqOGutERMBw1IfFjE8EXZReDQV9F8qP1hQKIF1xkxFcGaPcFPbxJwDAw==}
    peerDependencies:
      '@deepseek-ai/cordis': ^4.0.2
      '@deepseek-ai/dsh-invariants': ^0.1.6-alpha.2

  '@deepseek-ai/dsh-session@0.1.6-alpha.2':
    resolution: {integrity: sha512-WQNriZEQb0ykg+SDvqvNbp/AmG/DnydY5YdkTm5u3ST+PNXSQDLkaFzlY2YFU6hEuzs1h0yGCw6qPVpVGDAm1g==}
    peerDependencies:
      '@deepseek-ai/cordis': ^4.0.2
      '@deepseek-ai/dsh-scope': ^0.1.6-alpha.2

  '@deepseek-ai/dsh-timeout@0.1.6-alpha.2':
    resolution: {integrity: sha512-Hdcv+GMyfJVENm7CFEjztwbpDfsND10HZ+Q/9Nnw5UqlCkyQd8alhW+I2xIDTZQVvlDnRcu6l8ix1k2OOmiFSA==}
    peerDependencies:
      '@deepseek-ai/cordis': ^4.0.2

  '@deepseek-ai/dsh-typert-protocol@0.1.6-alpha.2':
    resolution: {integrity: sha512-rC0XtllnwXXr+956y5r9E1CQIe/BA7AoNVZVW3+4srF7i4BoH90j64g4c3U+KsNLFC4dCOufNJ15kXKrMLMauQ==}
    peerDependencies:
      '@deepseek-ai/cordis': ^4.0.2

  '@deepseek-ai/dsh-util-crypto@0.1.6-alpha.2':
    resolution: {integrity: sha512-Jn+3w5pp+rBOSFekvtNWQAx2+M08ZxJmlVYn7OI6l5Gd9ISq4/T0v4yE07O9s7uU5zr7yZ9nq5CTUpcXCrBrxw==}
    peerDependencies:
      '@deepseek-ai/cordis': ^4.0.2

  '@deepseek-ai/dsh-util-values@0.1.6-alpha.2':
    resolution: {integrity: sha512-9p+4ffFjq7OIeYqvHlIhKs85MZrirdu9QYi+vknOwkgszZXAgoRbPnX0ZzhsTneFSqQgLEfBXtUHUtOI1iiB/Q==}
    peerDependencies:
      '@deepseek-ai/cordis': ^4.0.2

  '@deepseek-ai/schemastery@3.18.2':
    resolution: {integrity: sha512-njDtZsznjYxok7KLLlHOPyuv2efdWVbSflAHgztSfbMsg+CVraEoRe2DjOCgClYv3ZCSm7WXoaUkbB/+RY7tWQ==}

  '@standard-schema/spec@1.1.0':
    resolution: {integrity: sha512-l2aFy5jALhniG5HgqrD6jXLi/rUWrKvqN/qJx6yoJsgKhblVd+iqqU4RCXavm/jPityDo5TCvKMnpjKnOriy0w==}

  '@types/node@22.20.3':
    resolution: {integrity: sha512-DZmzkmwHzXrLPAXPyKNDzlIwMMUZCVacoD25ywdy5YTKGbOx/2ld+Q38Im2zJ0vBuZP5Prd3VZutKZyXwkOS8A==}

  typescript@6.0.3:
    resolution: {integrity: sha512-y2TvuxSZPDyQakkFRPZHKFm+KKVqIisdg9/CZwm9ftvKXLP8NRWj38/ODjNbr43SsoXqNuAisEf1GdCxqWcdBw==}
    engines: {node: '>=14.17'}
    hasBin: true

  undici-types@6.21.0:
    resolution: {integrity: sha512-iwDZqg0QAGrg9Rav5H4n0M64c3mkR59cJ6wQp+7C4nI0gsmExaedaYLNO44eT4AtBBwjbTiGPMlt2Md0T9H9JQ==}

  zod@4.6.5:
    resolution: {integrity: sha512-v5l/aFXZQeai4awLbOpSoHecE9UiMrnfx75tEXLjNonXVARxQ5mOeipTjROUchszUNCqnE+hqAMujRsRHsut2Q==}

snapshots:

  '@deepseek-ai/cordis-plugin-loader@1.0.3(@deepseek-ai/cordis@4.0.2)':
    dependencies:
      '@deepseek-ai/cordis': 4.0.2(@deepseek-ai/cordis-plugin-loader@1.0.3)
      '@deepseek-ai/cosmokit': 1.8.3

  '@deepseek-ai/cordis@4.0.2(@deepseek-ai/cordis-plugin-loader@1.0.3)':
    dependencies:
      '@deepseek-ai/cosmokit': 1.8.3
      '@standard-schema/spec': 1.1.0
    optionalDependencies:
      '@deepseek-ai/cordis-plugin-loader': 1.0.3(@deepseek-ai/cordis@4.0.2)

  '@deepseek-ai/cosmokit@1.8.3': {}

  '@deepseek-ai/dsh-brand@0.1.6-alpha.2(@deepseek-ai/cordis@4.0.2)':
    dependencies:
      '@deepseek-ai/cordis': 4.0.2(@deepseek-ai/cordis-plugin-loader@1.0.3)

  '@deepseek-ai/dsh-cmdline@0.1.6-alpha.2(@deepseek-ai/cordis-plugin-loader@1.0.3)(@deepseek-ai/cordis@4.0.2)':
    dependencies:
      '@deepseek-ai/cordis': 4.0.2(@deepseek-ai/cordis-plugin-loader@1.0.3)
      '@deepseek-ai/cordis-plugin-loader': 1.0.3(@deepseek-ai/cordis@4.0.2)

  '@deepseek-ai/dsh-invariants@0.1.6-alpha.2(@deepseek-ai/cordis@4.0.2)':
    dependencies:
      '@deepseek-ai/cordis': 4.0.2(@deepseek-ai/cordis-plugin-loader@1.0.3)
      '@deepseek-ai/schemastery': 3.18.2

  '@deepseek-ai/dsh-llm@0.1.6-alpha.2(@deepseek-ai/cordis@4.0.2)':
    dependencies:
      '@deepseek-ai/cordis': 4.0.2(@deepseek-ai/cordis-plugin-loader@1.0.3)
      '@deepseek-ai/dsh-brand': 0.1.6-alpha.2(@deepseek-ai/cordis@4.0.2)
      '@deepseek-ai/dsh-timeout': 0.1.6-alpha.2(@deepseek-ai/cordis@4.0.2)
      '@deepseek-ai/dsh-typert-protocol': 0.1.6-alpha.2(@deepseek-ai/cordis@4.0.2)
      '@deepseek-ai/dsh-util-crypto': 0.1.6-alpha.2(@deepseek-ai/cordis@4.0.2)
      '@deepseek-ai/dsh-util-values': 0.1.6-alpha.2(@deepseek-ai/cordis@4.0.2)
      '@deepseek-ai/schemastery': 3.18.2
      zod: 4.6.5

  '@deepseek-ai/dsh-scope@0.1.6-alpha.2(@deepseek-ai/cordis@4.0.2)(@deepseek-ai/dsh-invariants@0.1.6-alpha.2(@deepseek-ai/cordis@4.0.2))':
    dependencies:
      '@deepseek-ai/cordis': 4.0.2(@deepseek-ai/cordis-plugin-loader@1.0.3)
      '@deepseek-ai/dsh-invariants': 0.1.6-alpha.2(@deepseek-ai/cordis@4.0.2)

  '@deepseek-ai/dsh-session@0.1.6-alpha.2(@deepseek-ai/cordis@4.0.2)(@deepseek-ai/dsh-scope@0.1.6-alpha.2(@deepseek-ai/cordis@4.0.2)(@deepseek-ai/dsh-invariants@0.1.6-alpha.2(@deepseek-ai/cordis@4.0.2)))':
    dependencies:
      '@deepseek-ai/cordis': 4.0.2(@deepseek-ai/cordis-plugin-loader@1.0.3)
      '@deepseek-ai/dsh-brand': 0.1.6-alpha.2(@deepseek-ai/cordis@4.0.2)
      '@deepseek-ai/dsh-llm': 0.1.6-alpha.2(@deepseek-ai/cordis@4.0.2)
      '@deepseek-ai/dsh-scope': 0.1.6-alpha.2(@deepseek-ai/cordis@4.0.2)(@deepseek-ai/dsh-invariants@0.1.6-alpha.2(@deepseek-ai/cordis@4.0.2))
      '@deepseek-ai/dsh-util-values': 0.1.6-alpha.2(@deepseek-ai/cordis@4.0.2)

  '@deepseek-ai/dsh-timeout@0.1.6-alpha.2(@deepseek-ai/cordis@4.0.2)':
    dependencies:
      '@deepseek-ai/cordis': 4.0.2(@deepseek-ai/cordis-plugin-loader@1.0.3)

  '@deepseek-ai/dsh-typert-protocol@0.1.6-alpha.2(@deepseek-ai/cordis@4.0.2)':
    dependencies:
      '@deepseek-ai/cordis': 4.0.2(@deepseek-ai/cordis-plugin-loader@1.0.3)

  '@deepseek-ai/dsh-util-crypto@0.1.6-alpha.2(@deepseek-ai/cordis@4.0.2)':
    dependencies:
      '@deepseek-ai/cordis': 4.0.2(@deepseek-ai/cordis-plugin-loader@1.0.3)

  '@deepseek-ai/dsh-util-values@0.1.6-alpha.2(@deepseek-ai/cordis@4.0.2)':
    dependencies:
      '@deepseek-ai/cordis': 4.0.2(@deepseek-ai/cordis-plugin-loader@1.0.3)

  '@deepseek-ai/schemastery@3.18.2':
    dependencies:
      '@deepseek-ai/cosmokit': 1.8.3
      '@standard-schema/spec': 1.1.0

  '@standard-schema/spec@1.1.0': {}

  '@types/node@22.20.3':
    dependencies:
      undici-types: 6.21.0

  typescript@6.0.3: {}

  undici-types@6.21.0: {}

  zod@4.6.5: {}
